
Microsoft Visual Studio Solution File, Format Version 12.00
# Visual Studio Version 16
VisualStudioVersion = 16.0.30517.126
MinimumVisualStudioVersion = 10.0.40219.1
Project("{FAE04EC0-301F-11D3-BF4B-00C04F79EFBC}") = "DataFromFile", "DataFromFile\DataFromFile.csproj", "{0E3E799D-60A5-458F-80DE-E7FAFC5FDDF0}"
EndProject
Project("{FAE04EC0-301F-11D3-BF4B-00C04F79EFBC}") = "Horoscope", "Horoscope\Horoscope.csproj", "{8E88AB74-6699-49A6-BB05-E88FBB349CFE}"
EndProject
Project("{FAE04EC0-301F-11D3-BF4B-00C04F79EFBC}") = "ChuckJokes", "ChuckJokes\ChuckJokes.csproj", "{BBCC960E-604B-43CB-8574-0A3C2A4B1E92}"
EndProject
Global
	GlobalSection(SolutionConfigurationPlatforms) = preSolution
		Debug|Any CPU = Debug|Any CPU
		Release|Any CPU = Release|Any CPU
	EndGlobalSection
	GlobalSection(ProjectConfigurationPlatforms) = postSolution
		{0E3E799D-60A5-458F-80DE-E7FAFC5FDDF0}.Debug|Any CPU.ActiveCfg = Debug|Any CPU
		{0E3E799D-60A5-458F-80DE-E7FAFC5FDDF0}.Debug|Any CPU.Build.0 = Debug|Any CPU
		{0E3E799D-60A5-458F-80DE-E7FAFC5FDDF0}.Release|Any CPU.ActiveCfg = Release|Any CPU
		{0E3E799D-60A5-458F-80DE-E7FAFC5FDDF0}.Release|Any CPU.Build.0 = Release|Any CPU
		{8E88AB74-6699-49A6-BB05-E88FBB349CFE}.Debug|Any CPU.ActiveCfg = Debug|Any CPU
		{8E88AB74-6699-49A6-BB05-E88FBB349CFE}.Debug|Any CPU.Build.0 = Debug|Any CPU
		{8E88AB74-6699-49A6-BB05-E88FBB349CFE}.Release|Any CPU.ActiveCfg = Release|Any CPU
		{8E88AB74-6699-49A6-BB05-E88FBB349CFE}.Release|Any CPU.Build.0 = Release|Any CPU
		{BBCC960E-604B-43CB-8574-0A3C2A4B1E92}.Debug|Any CPU.ActiveCfg = Debug|Any CPU
		{BBCC960E-604B-43CB-8574-0A3C2A4B1E92}.Debug|Any CPU.Build.0 = Debug|Any CPU
		{BBCC960E-604B-43CB-8574-0A3C2A4B1E92}.Release|Any CPU.ActiveCfg = Release|Any CPU
		{BBCC960E-604B-43CB-8574-0A3C2A4B1E92}.Release|Any CPU.Build.0 = Release|Any CPU
	EndGlobalSection
	GlobalSection(SolutionProperties) = preSolution
		HideSolutionNode = FALSE
	EndGlobalSection
	GlobalSection(ExtensibilityGlobals) = postSolution
		SolutionGuid = {379AE54E-5FE1-4B14-8CD8-8507CBFA6E0E}
	EndGlobalSection
EndGlobal
